
Microsoft Visual Studio Solution File, Format Version 12.00
# Visual Studio Version 17
VisualStudioVersion = 17.11.35208.52
MinimumVisualStudioVersion = 10.0.40219.1
Project("{FAE04EC0-301F-11D3-BF4B-00C04F79EFBC}") = "cadastro_console", "cadastro_console\cadastro_console.csproj", "{5EEB28FD-45F7-49A5-B298-68F9C7BE6A3F}"
EndProject
Global
	GlobalSection(SolutionConfigurationPlatforms) = preSolution
		Debug|Any CPU = Debug|Any CPU
		Release|Any CPU = Release|Any CPU
	EndGlobalSection
	GlobalSection(ProjectConfigurationPlatforms) = postSolution
		{5EEB28FD-45F7-49A5-B298-68F9C7BE6A3F}.Debug|Any CPU.ActiveCfg = Debug|Any CPU
		{5EEB28FD-45F7-49A5-B298-68F9C7BE6A3F}.Debug|Any CPU.Build.0 = Debug|Any CPU
		{5EEB28FD-45F7-49A5-B298-68F9C7BE6A3F}.Release|Any CPU.ActiveCfg = Release|Any CPU
		{5EEB28FD-45F7-49A5-B298-68F9C7BE6A3F}.Release|Any CPU.Build.0 = Release|Any CPU
	EndGlobalSection
	GlobalSection(SolutionProperties) = preSolution
		HideSolutionNode = FALSE
	EndGlobalSection
	GlobalSection(ExtensibilityGlobals) = postSolution
		SolutionGuid = {D7CC5F52-1D1F-4479-B213-ED78C917CD15}
	EndGlobalSection
EndGlobal
